// !$*UTF8*$!
{
	archiveVersion = 1;
	classes = {
	};
	objectVersion = 46;
	objects = {

/* Begin PBXBuildFile section */
		8D85D0C61C859A970046C8CE /* AppDelegate.swift in Sources */ = {isa = PBXBuildFile; fileRef = 8D85D0C51C859A970046C8CE /* AppDelegate.swift */; };
		8D85D0C81C859A970046C8CE /* ViewController.swift in Sources */ = {isa = PBXBuildFile; fileRef = 8D85D0C71C859A970046C8CE /* ViewController.swift */; };
		8D85D0CB1C859A970046C8CE /* Main.storyboard in Resources */ = {isa = PBXBuildFile; fileRef = 8D85D0C91C859A970046C8CE /* Main.storyboard */; };
		8D85D0CD1C859A970046C8CE /* Assets.xcassets in Resources */ = {isa = PBXBuildFile; fileRef = 8D85D0CC1C859A970046C8CE /* Assets.xcassets */; };
		8D85D0D01C859A970046C8CE /* LaunchScreen.storyboard in Resources */ = {isa = PBXBuildFile; fileRef = 8D85D0CE1C859A970046C8CE /* LaunchScreen.storyboard */; };
		8D85D0DB1C859A970046C8CE /* refreshEasyTestTests.swift in Sources */ = {isa = PBXBuildFile; fileRef = 8D85D0DA1C859A970046C8CE /* refreshEasyTestTests.swift */; };
		8D85D0E61C859A970046C8CE /* refreshEasyTestUITests.swift in Sources */ = {isa = PBXBuildFile; fileRef = 8D85D0E51C859A970046C8CE /* refreshEasyTestUITests.swift */; };
/* End PBXBuildFile section */

/* Begin PBXContainerItemProxy section */
		8D85D0D71C859A970046C8CE /* PBXContainerItemProxy */ = {
			isa = PBXContainerItemProxy;
			containerPortal = 8D85D0BA1C859A970046C8CE /* Project object */;
			proxyType = 1;
			remoteGlobalIDString = 8D85D0C11C859A970046C8CE;
			remoteInfo = refreshEasyTest;
		};
		8D85D0E21C859A970046C8CE /* PBXContainerItemProxy */ = {
			isa = PBXContainerItemProxy;
			containerPortal = 8D85D0BA1C859A970046C8CE /* Project object */;
			proxyType = 1;
			remoteGlobalIDString = 8D85D0C11C859A970046C8CE;
			remoteInfo = refreshEasyTest;
		};
/* End PBXContainerItemProxy section */

/* Begin PBXFileReference section */
		8D85D0C21C859A970046C8CE /* refreshEasyTest.app */ = {isa = PBXFileReference; explicitFileType = wrapper.application; includeInIndex = 0; path = refreshEasyTest.app; sourceTree = BUILT_PRODUCTS_DIR; };
		8D85D0C51C859A970046C8CE /* AppDelegate.swift */ = {isa = PBXFileReference; lastKnownFileType = sourcecode.swift; path = AppDelegate.swift; sourceTree = "<group>"; };
		8D85D0C71C859A970046C8CE /* ViewController.swift */ = {isa = PBXFileReference; lastKnownFileType = sourcecode.swift; path = ViewController.swift; sourceTree = "<group>"; };
		8D85D0CA1C859A970046C8CE /* Base */ = {isa = PBXFileReference; lastKnownFileType = file.storyboard; name = Base; path = Base.lproj/Main.storyboard; sourceTree = "<group>"; };
		8D85D0CC1C859A970046C8CE /* Assets.xcassets */ = {isa = PBXFileReference; lastKnownFileType = folder.assetcatalog; path = Assets.xcassets; sourceTree = "<group>"; };
		8D85D0CF1C859A970046C8CE /* Base */ = {isa = PBXFileReference; lastKnownFileType = file.storyboard; name = Base; path = Base.lproj/LaunchScreen.storyboard; sourceTree = "<group>"; };
		8D85D0D11C859A970046C8CE /* Info.plist */ = {isa = PBXFileReference; lastKnownFileType = text.plist.xml; path = Info.plist; sourceTree = "<group>"; };
		8D85D0D61C859A970046C8CE /* refreshEasyTestTests.xctest */ = {isa = PBXFileReference; explicitFileType = wrapper.cfbundle; includeInIndex = 0; path = refreshEasyTestTests.xctest; sourceTree = BUILT_PRODUCTS_DIR; };
		8D85D0DA1C859A970046C8CE /* refreshEasyTestTests.swift */ = {isa = PBXFileReference; lastKnownFileType = sourcecode.swift; path = refreshEasyTestTests.swift; sourceTree = "<group>"; };
		8D85D0DC1C859A970046C8CE /* Info.plist */ = {isa = PBXFileReference; lastKnownFileType = text.plist.xml; path = Info.plist; sourceTree = "<group>"; };
		8D85D0E11C859A970046C8CE /* refreshEasyTestUITests.xctest */ = {isa = PBXFileReference; explicitFileType = wrapper.cfbundle; includeInIndex = 0; path = refreshEasyTestUITests.xctest; sourceTree = BUILT_PRODUCTS_DIR; };
		8D85D0E51C859A970046C8CE /* refreshEasyTestUITests.swift */ = {isa = PBXFileReference; lastKnownFileType = sourcecode.swift; path = refreshEasyTestUITests.swift; sourceTree = "<group>"; };
		8D85D0E71C859A970046C8CE /* Info.plist */ = {isa = PBXFileReference; lastKnownFileType = text.plist.xml; path = Info.plist; sourceTree = "<group>"; };
/* End PBXFileReference section */

/* Begin PBXFrameworksBuildPhase section */
		8D85D0BF1C859A970046C8CE /* Frameworks */ = {
			isa = PBXFrameworksBuildPhase;
			buildActionMask = 2147483647;
			files = (
			);
			runOnlyForDeploymentPostprocessing = 0;
		};
		8D85D0D31C859A970046C8CE /* Frameworks */ = {
			isa = PBXFrameworksBuildPhase;
			buildActionMask = 2147483647;
			files = (
			);
			runOnlyForDeploymentPostprocessing = 0;
		};
		8D85D0DE1C859A970046C8CE /* Frameworks */ = {
			isa = PBXFrameworksBuildPhase;
			buildActionMask = 2147483647;
			files = (
			);
			runOnlyForDeploymentPostprocessing = 0;
		};
/* End PBXFrameworksBuildPhase section */

/* Begin PBXGroup section */
		8D85D0B91C859A970046C8CE = {
			isa = PBXGroup;
			children = (
				8D85D0C41C859A970046C8CE /* refreshEasyTest */,
				8D85D0D91C859A970046C8CE /* refreshEasyTestTests */,
				8D85D0E41C859A970046C8CE /* refreshEasyTestUITests */,
				8D85D0C31C859A970046C8CE /* Products */,
			);
			sourceTree = "<group>";
		};
		8D85D0C31C859A970046C8CE /* Products */ = {
			isa = PBXGroup;
			children = (
				8D85D0C21C859A970046C8CE /* refreshEasyTest.app */,
				8D85D0D61C859A970046C8CE /* refreshEasyTestTests.xctest */,
				8D85D0E11C859A970046C8CE /* refreshEasyTestUITests.xctest */,
			);
			name = Products;
			sourceTree = "<group>";
		};
		8D85D0C41C859A970046C8CE /* refreshEasyTest */ = {
			isa = PBXGroup;
			children = (
				8D85D0C51C859A970046C8CE /* AppDelegate.swift */,
				8D85D0C71C859A970046C8CE /* ViewController.swift */,
				8D85D0C91C859A970046C8CE /* Main.storyboard */,
				8D85D0CC1C859A970046C8CE /* Assets.xcassets */,
				8D85D0CE1C859A970046C8CE /* LaunchScreen.storyboard */,
				8D85D0D11C859A970046C8CE /* Info.plist */,
			);
			path = refreshEasyTest;
			sourceTree = "<group>";
		};
		8D85D0D91C859A970046C8CE /* refreshEasyTestTests */ = {
			isa = PBXGroup;
			children = (
				8D85D0DA1C859A970046C8CE /* refreshEasyTestTests.swift */,
				8D85D0DC1C859A970046C8CE /* Info.plist */,
			);
			path = refreshEasyTestTests;
			sourceTree = "<group>";
		};
		8D85D0E41C859A970046C8CE /* refreshEasyTestUITests */ = {
			isa = PBXGroup;
			children = (
				8D85D0E51C859A970046C8CE /* refreshEasyTestUITests.swift */,
				8D85D0E71C859A970046C8CE /* Info.plist */,
			);
			path = refreshEasyTestUITests;
			sourceTree = "<group>";
		};
/* End PBXGroup section */

/* Begin PBXNativeTarget section */
		8D85D0C11C859A970046C8CE /* refreshEasyTest */ = {
			isa = PBXNativeTarget;
			buildConfigurationList = 8D85D0EA1C859A970046C8CE /* Build configuration list for PBXNativeTarget "refreshEasyTest" */;
			buildPhases = (
				8D85D0BE1C859A970046C8CE /* Sources */,
				8D85D0BF1C859A970046C8CE /* Frameworks */,
				8D85D0C01C859A970046C8CE /* Resources */,
			);
			buildRules = (
			);
			dependencies = (
			);
			name = refreshEasyTest;
			productName = refreshEasyTest;
			productReference = 8D85D0C21C859A970046C8CE /* refreshEasyTest.app */;
			productType = "com.apple.product-type.application";
		};
		8D85D0D51C859A970046C8CE /* refreshEasyTestTests */ = {
			isa = PBXNativeTarget;
			buildConfigurationList = 8D85D0ED1C859A970046C8CE /* Build configuration list for PBXNativeTarget "refreshEasyTestTests" */;
			buildPhases = (
				8D85D0D21C859A970046C8CE /* Sources */,
				8D85D0D31C859A970046C8CE /* Frameworks */,
				8D85D0D41C859A970046C8CE /* Resources */,
			);
			buildRules = (
			);
			dependencies = (
				8D85D0D81C859A970046C8CE /* PBXTargetDependency */,
			);
			name = refreshEasyTestTests;
			productName = refreshEasyTestTests;
			productReference = 8D85D0D61C859A970046C8CE /* refreshEasyTestTests.xctest */;
			productType = "com.apple.product-type.bundle.unit-test";
		};
		8D85D0E01C859A970046C8CE /* refreshEasyTestUITests */ = {
			isa = PBXNativeTarget;
			buildConfigurationList = 8D85D0F01C859A970046C8CE /* Build configuration list for PBXNativeTarget "refreshEasyTestUITests" */;
			buildPhases = (
				8D85D0DD1C859A970046C8CE /* Sources */,
				8D85D0DE1C859A970046C8CE /* Frameworks */,
				8D85D0DF1C859A970046C8CE /* Resources */,
			);
			buildRules = (
			);
			dependencies = (
				8D85D0E31C859A970046C8CE /* PBXTargetDependency */,
			);
			name = refreshEasyTestUITests;
			productName = refreshEasyTestUITests;
			productReference = 8D85D0E11C859A970046C8CE /* refreshEasyTestUITests.xctest */;
			productType = "com.apple.product-type.bundle.ui-testing";
		};
/* End PBXNativeTarget section */

/* Begin PBXProject section */
		8D85D0BA1C859A970046C8CE /* Project object */ = {
			isa = PBXProject;
			attributes = {
				LastSwiftUpdateCheck = 0720;
				LastUpgradeCheck = 0720;
				ORGANIZATIONNAME = qitan;
				TargetAttributes = {
					8D85D0C11C859A970046C8CE = {
						CreatedOnToolsVersion = 7.2.1;
					};
					8D85D0D51C859A970046C8CE = {
						CreatedOnToolsVersion = 7.2.1;
						TestTargetID = 8D85D0C11C859A970046C8CE;
					};
					8D85D0E01C859A970046C8CE = {
						CreatedOnToolsVersion = 7.2.1;
						TestTargetID = 8D85D0C11C859A970046C8CE;
					};
				};
			};
			buildConfigurationList = 8D85D0BD1C859A970046C8CE /* Build configuration list for PBXProject "refreshEasyTest" */;
			compatibilityVersion = "Xcode 3.2";
			developmentRegion = English;
			hasScannedForEncodings = 0;
			knownRegions = (
				en,
				Base,
			);
			mainGroup = 8D85D0B91C859A970046C8CE;
			productRefGroup = 8D85D0C31C859A970046C8CE /* Products */;
			projectDirPath = "";
			projectRoot = "";
			targets = (
				8D85D0C11C859A970046C8CE /* refreshEasyTest */,
				8D85D0D51C859A970046C8CE /* refreshEasyTestTests */,
				8D85D0E01C859A970046C8CE /* refreshEasyTestUITests */,
			);
		};
/* End PBXProject section */

/* Begin PBXResourcesBuildPhase section */
		8D85D0C01C859A970046C8CE /* Resources */ = {
			isa = PBXResourcesBuildPhase;
			buildActionMask = 2147483647;
			files = (
				8D85D0D01C859A970046C8CE /* LaunchScreen.storyboard in Resources */,
				8D85D0CD1C859A970046C8CE /* Assets.xcassets in Resources */,
				8D85D0CB1C859A970046C8CE /* Main.storyboard in Resources */,
			);
			runOnlyForDeploymentPostprocessing = 0;
		};
		8D85D0D41C859A970046C8CE /* Resources */ = {
			isa = PBXResourcesBuildPhase;
			buildActionMask = 2147483647;
			files = (
			);
			runOnlyForDeploymentPostprocessing = 0;
		};
		8D85D0DF1C859A970046C8CE /* Resources */ = {
			isa = PBXResourcesBuildPhase;
			buildActionMask = 2147483647;
			files = (
			);
			runOnlyForDeploymentPostprocessing = 0;
		};
/* End PBXResourcesBuildPhase section */

/* Begin PBXSourcesBuildPhase section */
		8D85D0BE1C859A970046C8CE /* Sources */ = {
			isa = PBXSourcesBuildPhase;
			buildActionMask = 2147483647;
			files = (
				8D85D0C81C859A970046C8CE /* ViewController.swift in Sources */,
				8D85D0C61C859A970046C8CE /* AppDelegate.swift in Sources */,
			);
			runOnlyForDeploymentPostprocessing = 0;
		};
		8D85D0D21C859A970046C8CE /* Sources */ = {
			isa = PBXSourcesBuildPhase;
			buildActionMask = 2147483647;
			files = (
				8D85D0DB1C859A970046C8CE /* refreshEasyTestTests.swift in Sources */,
			);
			runOnlyForDeploymentPostprocessing = 0;
		};
		8D85D0DD1C859A970046C8CE /* Sources */ = {
			isa = PBXSourcesBuildPhase;
			buildActionMask = 2147483647;
			files = (
				8D85D0E61C859A970046C8CE /* refreshEasyTestUITests.swift in Sources */,
			);
			runOnlyForDeploymentPostprocessing = 0;
		};
/* End PBXSourcesBuildPhase section */

/* Begin PBXTargetDependency section */
		8D85D0D81C859A970046C8CE /* PBXTargetDependency */ = {
			isa = PBXTargetDependency;
			target = 8D85D0C11C859A970046C8CE /* refreshEasyTest */;
			targetProxy = 8D85D0D71C859A970046C8CE /* PBXContainerItemProxy */;
		};
		8D85D0E31C859A970046C8CE /* PBXTargetDependency */ = {
			isa = PBXTargetDependency;
			target = 8D85D0C11C859A970046C8CE /* refreshEasyTest */;
			targetProxy = 8D85D0E21C859A970046C8CE /* PBXContainerItemProxy */;
		};
/* End PBXTargetDependency section */

/* Begin PBXVariantGroup section */
		8D85D0C91C859A970046C8CE /* Main.storyboard */ = {
			isa = PBXVariantGroup;
			children = (
				8D85D0CA1C859A970046C8CE /* Base */,
			);
			name = Main.storyboard;
			sourceTree = "<group>";
		};
		8D85D0CE1C859A970046C8CE /* LaunchScreen.storyboard */ = {
			isa = PBXVariantGroup;
			children = (
				8D85D0CF1C859A970046C8CE /* Base */,
			);
			name = LaunchScreen.storyboard;
			sourceTree = "<group>";
		};
/* End PBXVariantGroup section */

/* Begin XCBuildConfiguration section */
		8D85D0E81C859A970046C8CE /* Debug */ = {
			isa = XCBuildConfiguration;
			buildSettings = {
				ALWAYS_SEARCH_USER_PATHS = NO;
				CLANG_CXX_LANGUAGE_STANDARD = "gnu++0x";
				CLANG_CXX_LIBRARY = "libc++";
				CLANG_ENABLE_MODULES = YES;
				CLANG_ENABLE_OBJC_ARC = YES;
				CLANG_WARN_BOOL_CONVERSION = YES;
				CLANG_WARN_CONSTANT_CONVERSION = YES;
				CLANG_WARN_DIRECT_OBJC_ISA_USAGE = YES_ERROR;
				CLANG_WARN_EMPTY_BODY = YES;
				CLANG_WARN_ENUM_CONVERSION = YES;
				CLANG_WARN_INT_CONVERSION = YES;
				CLANG_WARN_OBJC_ROOT_CLASS = YES_ERROR;
				CLANG_WARN_UNREACHABLE_CODE = YES;
				CLANG_WARN__DUPLICATE_METHOD_MATCH = YES;
				"CODE_SIGN_IDENTITY[sdk=iphoneos*]" = "iPhone Developer";
				COPY_PHASE_STRIP = NO;
				DEBUG_INFORMATION_FORMAT = dwarf;
				ENABLE_STRICT_OBJC_MSGSEND = YES;
				ENABLE_TESTABILITY = YES;
				GCC_C_LANGUAGE_STANDARD = gnu99;
				GCC_DYNAMIC_NO_PIC = NO;
				GCC_NO_COMMON_BLOCKS = YES;
				GCC_OPTIMIZATION_LEVEL = 0;
				GCC_PREPROCESSOR_DEFINITIONS = (
					"DEBUG=1",
					"$(inherited)",
				);
				GCC_WARN_64_TO_32_BIT_CONVERSION = YES;
				GCC_WARN_ABOUT_RETURN_TYPE = YES_ERROR;
				GCC_WARN_UNDECLARED_SELECTOR = YES;
				GCC_WARN_UNINITIALIZED_AUTOS = YES_AGGRESSIVE;
				GCC_WARN_UNUSED_FUNCTION = YES;
				GCC_WARN_UNUSED_VARIABLE = YES;
				IPHONEOS_DEPLOYMENT_TARGET = 9.2;
				MTL_ENABLE_DEBUG_INFO = YES;
				ONLY_ACTIVE_ARCH = YES;
				SDKROOT = iphoneos;
				SWIFT_OPTIMIZATION_LEVEL = "-Onone";
			};
			name = Debug;
		};
		8D85D0E91C859A970046C8CE /* Release */ = {
			isa = XCBuildConfiguration;
			buildSettings = {
				ALWAYS_SEARCH_USER_PATHS = NO;
				CLANG_CXX_LANGUAGE_STANDARD = "gnu++0x";
				CLANG_CXX_LIBRARY = "libc++";
				CLANG_ENABLE_MODULES = YES;
				CLANG_ENABLE_OBJC_ARC = YES;
				CLANG_WARN_BOOL_CONVERSION = YES;
				CLANG_WARN_CONSTANT_CONVERSION = YES;
				CLANG_WARN_DIRECT_OBJC_ISA_USAGE = YES_ERROR;
				CLANG_WARN_EMPTY_BODY = YES;
				CLANG_WARN_ENUM_CONVERSION = YES;
				CLANG_WARN_INT_CONVERSION = YES;
				CLANG_WARN_OBJC_ROOT_CLASS = YES_ERROR;
				CLANG_WARN_UNREACHABLE_CODE = YES;
				CLANG_WARN__DUPLICATE_METHOD_MATCH = YES;
				"CODE_SIGN_IDENTITY[sdk=iphoneos*]" = "iPhone Developer";
				COPY_PHASE_STRIP = NO;
				DEBUG_INFORMATION_FORMAT = "dwarf-with-dsym";
				ENABLE_NS_ASSERTIONS = NO;
				ENABLE_STRICT_OBJC_MSGSEND = YES;
				GCC_C_LANGUAGE_STANDARD = gnu99;
				GCC_NO_COMMON_BLOCKS = YES;
				GCC_WARN_64_TO_32_BIT_CONVERSION = YES;
				GCC_WARN_ABOUT_RETURN_TYPE = YES_ERROR;
				GCC_WARN_UNDECLARED_SELECTOR = YES;
				GCC_WARN_UNINITIALIZED_AUTOS = YES_AGGRESSIVE;
				GCC_WARN_UNUSED_FUNCTION = YES;
				GCC_WARN_UNUSED_VARIABLE = YES;
				IPHONEOS_DEPLOYMENT_TARGET = 9.2;
				MTL_ENABLE_DEBUG_INFO = NO;
				SDKROOT = iphoneos;
				VALIDATE_PRODUCT = YES;
			};
			name = Release;
		};
		8D85D0EB1C859A970046C8CE /* Debug */ = {
			isa = XCBuildConfiguration;
			buildSettings = {
				ASSETCATALOG_COMPILER_APPICON_NAME = AppIcon;
				INFOPLIST_FILE = refreshEasyTest/Info.plist;
				LD_RUNPATH_SEARCH_PATHS = "$(inherited) @executable_path/Frameworks";
				PRODUCT_BUNDLE_IDENTIFIER = nothing.refreshEasyTest;
				PRODUCT_NAME = "$(TARGET_NAME)";
			};
			name = Debug;
		};
		8D85D0EC1C859A970046C8CE /* Release */ = {
			isa = XCBuildConfiguration;
			buildSettings = {
				ASSETCATALOG_COMPILER_APPICON_NAME = AppIcon;
				INFOPLIST_FILE = refreshEasyTest/Info.plist;
				LD_RUNPATH_SEARCH_PATHS = "$(inherited) @executable_path/Frameworks";
				PRODUCT_BUNDLE_IDENTIFIER = nothing.refreshEasyTest;
				PRODUCT_NAME = "$(TARGET_NAME)";
			};
			name = Release;
		};
		8D85D0EE1C859A970046C8CE /* Debug */ = {
			isa = XCBuildConfiguration;
			buildSettings = {
				BUNDLE_LOADER = "$(TEST_HOST)";
				INFOPLIST_FILE = refreshEasyTestTests/Info.plist;
				LD_RUNPATH_SEARCH_PATHS = "$(inherited) @executable_path/Frameworks @loader_path/Frameworks";
				PRODUCT_BUNDLE_IDENTIFIER = nothing.refreshEasyTestTests;
				PRODUCT_NAME = "$(TARGET_NAME)";
				TEST_HOST = "$(BUILT_PRODUCTS_DIR)/refreshEasyTest.app/refreshEasyTest";
			};
			name = Debug;
		};
		8D85D0EF1C859A970046C8CE /* Release */ = {
			isa = XCBuildConfiguration;
			buildSettings = {
				BUNDLE_LOADER = "$(TEST_HOST)";
				INFOPLIST_FILE = refreshEasyTestTests/Info.plist;
				LD_RUNPATH_SEARCH_PATHS = "$(inherited) @executable_path/Frameworks @loader_path/Frameworks";
				PRODUCT_BUNDLE_IDENTIFIER = nothing.refreshEasyTestTests;
				PRODUCT_NAME = "$(TARGET_NAME)";
				TEST_HOST = "$(BUILT_PRODUCTS_DIR)/refreshEasyTest.app/refreshEasyTest";
			};
			name = Release;
		};
		8D85D0F11C859A970046C8CE /* Debug */ = {
			isa = XCBuildConfiguration;
			buildSettings = {
				INFOPLIST_FILE = refreshEasyTestUITests/Info.plist;
				LD_RUNPATH_SEARCH_PATHS = "$(inherited) @executable_path/Frameworks @loader_path/Frameworks";
				PRODUCT_BUNDLE_IDENTIFIER = nothing.refreshEasyTestUITests;
				PRODUCT_NAME = "$(TARGET_NAME)";
				TEST_TARGET_NAME = refreshEasyTest;
				USES_XCTRUNNER = YES;
			};
			name = Debug;
		};
		8D85D0F21C859A970046C8CE /* Release */ = {
			isa = XCBuildConfiguration;
			buildSettings = {
				INFOPLIST_FILE = refreshEasyTestUITests/Info.plist;
				LD_RUNPATH_SEARCH_PATHS = "$(inherited) @executable_path/Frameworks @loader_path/Frameworks";
				PRODUCT_BUNDLE_IDENTIFIER = nothing.refreshEasyTestUITests;
				PRODUCT_NAME = "$(TARGET_NAME)";
				TEST_TARGET_NAME = refreshEasyTest;
				USES_XCTRUNNER = YES;
			};
			name = Release;
		};
/* End XCBuildConfiguration section */

/* Begin XCConfigurationList section */
		8D85D0BD1C859A970046C8CE /* Build configuration list for PBXProject "refreshEasyTest" */ = {
			isa = XCConfigurationList;
			buildConfigurations = (
				8D85D0E81C859A970046C8CE /* Debug */,
				8D85D0E91C859A970046C8CE /* Release */,
			);
			defaultConfigurationIsVisible = 0;
			defaultConfigurationName = Release;
		};
		8D85D0EA1C859A970046C8CE /* Build configuration list for PBXNativeTarget "refreshEasyTest" */ = {
			isa = XCConfigurationList;
			buildConfigurations = (
				8D85D0EB1C859A970046C8CE /* Debug */,
				8D85D0EC1C859A970046C8CE /* Release */,
			);
			defaultConfigurationIsVisible = 0;
		};
		8D85D0ED1C859A970046C8CE /* Build configuration list for PBXNativeTarget "refreshEasyTestTests" */ = {
			isa = XCConfigurationList;
			buildConfigurations = (
				8D85D0EE1C859A970046C8CE /* Debug */,
				8D85D0EF1C859A970046C8CE /* Release */,
			);
			defaultConfigurationIsVisible = 0;
		};
		8D85D0F01C859A970046C8CE /* Build configuration list for PBXNativeTarget "refreshEasyTestUITests" */ = {
			isa = XCConfigurationList;
			buildConfigurations = (
				8D85D0F11C859A970046C8CE /* Debug */,
				8D85D0F21C859A970046C8CE /* Release */,
			);
			defaultConfigurationIsVisible = 0;
		};
/* End XCConfigurationList section */
	};
	rootObject = 8D85D0BA1C859A970046C8CE /* Project object */;
}
